
Microsoft Visual Studio Solution File, Format Version 12.00
# Visual Studio Version 17
VisualStudioVersion = 17.5.002.0
MinimumVisualStudioVersion = 10.0.40219.1
Project("{9A19103F-16F7-4668-BE54-9A1E7A4F7556}") = "poc-backend", "poc-backend.csproj", "{EB4896CA-9A69-47B2-B7A2-1EED53F67DEB}"
EndProject
Global
	GlobalSection(SolutionConfigurationPlatforms) = preSolution
		Debug|Any CPU = Debug|Any CPU
		Release|Any CPU = Release|Any CPU
	EndGlobalSection
	GlobalSection(ProjectConfigurationPlatforms) = postSolution
		{EB4896CA-9A69-47B2-B7A2-1EED53F67DEB}.Debug|Any CPU.ActiveCfg = Debug|Any CPU
		{EB4896CA-9A69-47B2-B7A2-1EED53F67DEB}.Debug|Any CPU.Build.0 = Debug|Any CPU
		{EB4896CA-9A69-47B2-B7A2-1EED53F67DEB}.Release|Any CPU.ActiveCfg = Release|Any CPU
		{EB4896CA-9A69-47B2-B7A2-1EED53F67DEB}.Release|Any CPU.Build.0 = Release|Any CPU
	EndGlobalSection
	GlobalSection(SolutionProperties) = preSolution
		HideSolutionNode = FALSE
	EndGlobalSection
	GlobalSection(ExtensibilityGlobals) = postSolution
		SolutionGuid = {AC7269A9-CC10-4882-9569-F549558F7B66}
	EndGlobalSection
EndGlobal
